
Microsoft Visual Studio Solution File, Format Version 12.00
# Visual Studio Version 17
VisualStudioVersion = 17.0.31919.166
MinimumVisualStudioVersion = 10.0.40219.1
Project("{FAE04EC0-301F-11D3-BF4B-00C04F79EFBC}") = "4thTask", "4thTask.csproj", "{82262502-1F86-4BF3-9166-1DD87EEA5163}"
EndProject
Global
	GlobalSection(SolutionConfigurationPlatforms) = preSolution
		Debug|Any CPU = Debug|Any CPU
		Release|Any CPU = Release|Any CPU
	EndGlobalSection
	GlobalSection(ProjectConfigurationPlatforms) = postSolution
		{82262502-1F86-4BF3-9166-1DD87EEA5163}.Debug|Any CPU.ActiveCfg = Debug|Any CPU
		{82262502-1F86-4BF3-9166-1DD87EEA5163}.Debug|Any CPU.Build.0 = Debug|Any CPU
		{82262502-1F86-4BF3-9166-1DD87EEA5163}.Release|Any CPU.ActiveCfg = Release|Any CPU
		{82262502-1F86-4BF3-9166-1DD87EEA5163}.Release|Any CPU.Build.0 = Release|Any CPU
	EndGlobalSection
	GlobalSection(SolutionProperties) = preSolution
		HideSolutionNode = FALSE
	EndGlobalSection
	GlobalSection(ExtensibilityGlobals) = postSolution
		SolutionGuid = {FD4803C2-7B40-41FE-9F5C-E8C7CABD356A}
	EndGlobalSection
EndGlobal
